// !$*UTF8*$!
{
	archiveVersion = 1;
	classes = {
	};
	objectVersion = 50;
	objects = {

/* Begin PBXBuildFile section */
		747C902F2266EC2100A7C96B /* Antlr4.framework in Frameworks */ = {isa = PBXBuildFile; fileRef = 74E53F652264FAD000C875AA /* Antlr4.framework */; };
		747C90302266EC2100A7C96B /* Antlr4.framework in Embed Frameworks */ = {isa = PBXBuildFile; fileRef = 74E53F652264FAD000C875AA /* Antlr4.framework */; settings = {ATTRIBUTES = (CodeSignOnCopy, RemoveHeadersOnCopy, ); }; };
		74A2FC0B2237D2B2005CF54D /* AppDelegate.swift in Sources */ = {isa = PBXBuildFile; fileRef = 74A2FC0A2237D2B2005CF54D /* AppDelegate.swift */; };
		74A2FC102237D2B2005CF54D /* Main.storyboard in Resources */ = {isa = PBXBuildFile; fileRef = 74A2FC0E2237D2B2005CF54D /* Main.storyboard */; };
		74A2FC122237D2B4005CF54D /* Assets.xcassets in Resources */ = {isa = PBXBuildFile; fileRef = 74A2FC112237D2B4005CF54D /* Assets.xcassets */; };
		74A2FC152237D2B4005CF54D /* LaunchScreen.storyboard in Resources */ = {isa = PBXBuildFile; fileRef = 74A2FC132237D2B4005CF54D /* LaunchScreen.storyboard */; };
		74BDB0972266DCBA006F7D24 /* CompilerViewController.swift in Sources */ = {isa = PBXBuildFile; fileRef = 74BDB0962266DCBA006F7D24 /* CompilerViewController.swift */; };
		74E53F752264FBE300C875AA /* Sail.interp in Resources */ = {isa = PBXBuildFile; fileRef = 74E53F6A2264FBE300C875AA /* Sail.interp */; };
		74E53F762264FBE300C875AA /* SailLexer.swift in Sources */ = {isa = PBXBuildFile; fileRef = 74E53F6B2264FBE300C875AA /* SailLexer.swift */; };
		74E53F772264FBE300C875AA /* SailLexer.interp in Resources */ = {isa = PBXBuildFile; fileRef = 74E53F6C2264FBE300C875AA /* SailLexer.interp */; };
		74E53F782264FBE300C875AA /* Sail.tokens in Resources */ = {isa = PBXBuildFile; fileRef = 74E53F6D2264FBE300C875AA /* Sail.tokens */; };
		74E53F792264FBE300C875AA /* SailLexer.tokens in Resources */ = {isa = PBXBuildFile; fileRef = 74E53F6E2264FBE300C875AA /* SailLexer.tokens */; };
		74E53F7A2264FBE300C875AA /* SailParserATN.swift in Sources */ = {isa = PBXBuildFile; fileRef = 74E53F6F2264FBE300C875AA /* SailParserATN.swift */; };
		74E53F7B2264FBE300C875AA /* SailLexerATN.swift in Sources */ = {isa = PBXBuildFile; fileRef = 74E53F702264FBE300C875AA /* SailLexerATN.swift */; };
		74E53F7C2264FBE300C875AA /* SailParser.swift in Sources */ = {isa = PBXBuildFile; fileRef = 74E53F712264FBE300C875AA /* SailParser.swift */; };
		74E53F7D2264FBE300C875AA /* Sail.g4 in Resources */ = {isa = PBXBuildFile; fileRef = 74E53F722264FBE300C875AA /* Sail.g4 */; };
		74E53F7E2264FBE300C875AA /* SailBaseListener.swift in Sources */ = {isa = PBXBuildFile; fileRef = 74E53F732264FBE300C875AA /* SailBaseListener.swift */; };
		74E53F7F2264FBE300C875AA /* SailListener.swift in Sources */ = {isa = PBXBuildFile; fileRef = 74E53F742264FBE300C875AA /* SailListener.swift */; };
/* End PBXBuildFile section */

/* Begin PBXContainerItemProxy section */
		747C902B2266EBC900A7C96B /* PBXContainerItemProxy */ = {
			isa = PBXContainerItemProxy;
			containerPortal = 74E53F5D2264FAD000C875AA /* Antlr4.xcodeproj */;
			proxyType = 1;
			remoteGlobalIDString = "Antlr4::Antlr4";
			remoteInfo = Antlr4;
		};
		747C90312266EC2100A7C96B /* PBXContainerItemProxy */ = {
			isa = PBXContainerItemProxy;
			containerPortal = 74E53F5D2264FAD000C875AA /* Antlr4.xcodeproj */;
			proxyType = 1;
			remoteGlobalIDString = "Antlr4::Antlr4";
			remoteInfo = Antlr4;
		};
		74E53F642264FAD000C875AA /* PBXContainerItemProxy */ = {
			isa = PBXContainerItemProxy;
			containerPortal = 74E53F5D2264FAD000C875AA /* Antlr4.xcodeproj */;
			proxyType = 2;
			remoteGlobalIDString = "Antlr4::Antlr4::Product";
			remoteInfo = Antlr4;
		};
		74E53F662264FAD000C875AA /* PBXContainerItemProxy */ = {
			isa = PBXContainerItemProxy;
			containerPortal = 74E53F5D2264FAD000C875AA /* Antlr4.xcodeproj */;
			proxyType = 2;
			remoteGlobalIDString = "Antlr4::Antlr4Tests::Product";
			remoteInfo = Antlr4Tests;
		};
/* End PBXContainerItemProxy section */

/* Begin PBXCopyFilesBuildPhase section */
		747C90332266EC2100A7C96B /* Embed Frameworks */ = {
			isa = PBXCopyFilesBuildPhase;
			buildActionMask = 2147483647;
			dstPath = "";
			dstSubfolderSpec = 10;
			files = (
				747C90302266EC2100A7C96B /* Antlr4.framework in Embed Frameworks */,
			);
			name = "Embed Frameworks";
			runOnlyForDeploymentPostprocessing = 0;
		};
/* End PBXCopyFilesBuildPhase section */

/* Begin PBXFileReference section */
		74A2FC072237D2B2005CF54D /* Sail.app */ = {isa = PBXFileReference; explicitFileType = wrapper.application; includeInIndex = 0; path = Sail.app; sourceTree = BUILT_PRODUCTS_DIR; };
		74A2FC0A2237D2B2005CF54D /* AppDelegate.swift */ = {isa = PBXFileReference; lastKnownFileType = sourcecode.swift; path = AppDelegate.swift; sourceTree = "<group>"; };
		74A2FC0F2237D2B2005CF54D /* Base */ = {isa = PBXFileReference; lastKnownFileType = file.storyboard; name = Base; path = Base.lproj/Main.storyboard; sourceTree = "<group>"; };
		74A2FC112237D2B4005CF54D /* Assets.xcassets */ = {isa = PBXFileReference; lastKnownFileType = folder.assetcatalog; path = Assets.xcassets; sourceTree = "<group>"; };
		74A2FC142237D2B4005CF54D /* Base */ = {isa = PBXFileReference; lastKnownFileType = file.storyboard; name = Base; path = Base.lproj/LaunchScreen.storyboard; sourceTree = "<group>"; };
		74A2FC162237D2B4005CF54D /* Info.plist */ = {isa = PBXFileReference; lastKnownFileType = text.plist.xml; path = Info.plist; sourceTree = "<group>"; };
		74BDB0962266DCBA006F7D24 /* CompilerViewController.swift */ = {isa = PBXFileReference; lastKnownFileType = sourcecode.swift; path = CompilerViewController.swift; sourceTree = "<group>"; };
		74E53F5D2264FAD000C875AA /* Antlr4.xcodeproj */ = {isa = PBXFileReference; lastKnownFileType = "wrapper.pb-project"; name = Antlr4.xcodeproj; path = "../../../../../ITESM/semestre/itc/8 semester/compiladores/proyecto/tools/antlr4/runtime/Swift/Antlr4.xcodeproj"; sourceTree = "<group>"; };
		74E53F6A2264FBE300C875AA /* Sail.interp */ = {isa = PBXFileReference; fileEncoding = 4; lastKnownFileType = text; path = Sail.interp; sourceTree = "<group>"; };
		74E53F6B2264FBE300C875AA /* SailLexer.swift */ = {isa = PBXFileReference; fileEncoding = 4; lastKnownFileType = sourcecode.swift; path = SailLexer.swift; sourceTree = "<group>"; };
		74E53F6C2264FBE300C875AA /* SailLexer.interp */ = {isa = PBXFileReference; fileEncoding = 4; lastKnownFileType = text; path = SailLexer.interp; sourceTree = "<group>"; };
		74E53F6D2264FBE300C875AA /* Sail.tokens */ = {isa = PBXFileReference; fileEncoding = 4; lastKnownFileType = text; path = Sail.tokens; sourceTree = "<group>"; };
		74E53F6E2264FBE300C875AA /* SailLexer.tokens */ = {isa = PBXFileReference; fileEncoding = 4; lastKnownFileType = text; path = SailLexer.tokens; sourceTree = "<group>"; };
		74E53F6F2264FBE300C875AA /* SailParserATN.swift */ = {isa = PBXFileReference; fileEncoding = 4; lastKnownFileType = sourcecode.swift; path = SailParserATN.swift; sourceTree = "<group>"; };
		74E53F702264FBE300C875AA /* SailLexerATN.swift */ = {isa = PBXFileReference; fileEncoding = 4; lastKnownFileType = sourcecode.swift; path = SailLexerATN.swift; sourceTree = "<group>"; };
		74E53F712264FBE300C875AA /* SailParser.swift */ = {isa = PBXFileReference; fileEncoding = 4; lastKnownFileType = sourcecode.swift; path = SailParser.swift; sourceTree = "<group>"; };
		74E53F722264FBE300C875AA /* Sail.g4 */ = {isa = PBXFileReference; fileEncoding = 4; lastKnownFileType = text; path = Sail.g4; sourceTree = "<group>"; };
		74E53F732264FBE300C875AA /* SailBaseListener.swift */ = {isa = PBXFileReference; fileEncoding = 4; lastKnownFileType = sourcecode.swift; path = SailBaseListener.swift; sourceTree = "<group>"; };
		74E53F742264FBE300C875AA /* SailListener.swift */ = {isa = PBXFileReference; fileEncoding = 4; lastKnownFileType = sourcecode.swift; path = SailListener.swift; sourceTree = "<group>"; };
/* End PBXFileReference section */

/* Begin PBXFrameworksBuildPhase section */
		74A2FC042237D2B2005CF54D /* Frameworks */ = {
			isa = PBXFrameworksBuildPhase;
			buildActionMask = 2147483647;
			files = (
				747C902F2266EC2100A7C96B /* Antlr4.framework in Frameworks */,
			);
			runOnlyForDeploymentPostprocessing = 0;
		};
/* End PBXFrameworksBuildPhase section */

/* Begin PBXGroup section */
		740473F92237E91900040F15 /* Compiler */ = {
			isa = PBXGroup;
			children = (
				74E53F722264FBE300C875AA /* Sail.g4 */,
				74E53F6A2264FBE300C875AA /* Sail.interp */,
				74E53F6D2264FBE300C875AA /* Sail.tokens */,
				74E53F732264FBE300C875AA /* SailBaseListener.swift */,
				74E53F6C2264FBE300C875AA /* SailLexer.interp */,
				74E53F6B2264FBE300C875AA /* SailLexer.swift */,
				74E53F6E2264FBE300C875AA /* SailLexer.tokens */,
				74E53F702264FBE300C875AA /* SailLexerATN.swift */,
				74E53F742264FBE300C875AA /* SailListener.swift */,
				74E53F712264FBE300C875AA /* SailParser.swift */,
				74E53F6F2264FBE300C875AA /* SailParserATN.swift */,
			);
			path = Compiler;
			sourceTree = "<group>";
		};
		740474122237E93400040F15 /* Frameworks */ = {
			isa = PBXGroup;
			children = (
			);
			name = Frameworks;
			sourceTree = "<group>";
		};
		74A2FBFE2237D2B2005CF54D = {
			isa = PBXGroup;
			children = (
				74E53F5D2264FAD000C875AA /* Antlr4.xcodeproj */,
				74A2FC092237D2B2005CF54D /* Sail */,
				74A2FC082237D2B2005CF54D /* Products */,
				740474122237E93400040F15 /* Frameworks */,
			);
			sourceTree = "<group>";
		};
		74A2FC082237D2B2005CF54D /* Products */ = {
			isa = PBXGroup;
			children = (
				74A2FC072237D2B2005CF54D /* Sail.app */,
			);
			name = Products;
			sourceTree = "<group>";
		};
		74A2FC092237D2B2005CF54D /* Sail */ = {
			isa = PBXGroup;
			children = (
				74A2FC0A2237D2B2005CF54D /* AppDelegate.swift */,
				74BDB0962266DCBA006F7D24 /* CompilerViewController.swift */,
				74A2FC0E2237D2B2005CF54D /* Main.storyboard */,
				74A2FC112237D2B4005CF54D /* Assets.xcassets */,
				74A2FC132237D2B4005CF54D /* LaunchScreen.storyboard */,
				74A2FC162237D2B4005CF54D /* Info.plist */,
				740473F92237E91900040F15 /* Compiler */,
			);
			path = Sail;
			sourceTree = "<group>";
		};
		74E53F5E2264FAD000C875AA /* Products */ = {
			isa = PBXGroup;
			children = (
				74E53F652264FAD000C875AA /* Antlr4.framework */,
				74E53F672264FAD000C875AA /* Antlr4Tests.xctest */,
			);
			name = Products;
			sourceTree = "<group>";
		};
/* End PBXGroup section */

/* Begin PBXNativeTarget section */
		74A2FC062237D2B2005CF54D /* Sail */ = {
			isa = PBXNativeTarget;
			buildConfigurationList = 74A2FC192237D2B4005CF54D /* Build configuration list for PBXNativeTarget "Sail" */;
			buildPhases = (
				74A2FC032237D2B2005CF54D /* Sources */,
				74A2FC042237D2B2005CF54D /* Frameworks */,
				74A2FC052237D2B2005CF54D /* Resources */,
				747C90332266EC2100A7C96B /* Embed Frameworks */,
			);
			buildRules = (
			);
			dependencies = (
				747C902C2266EBC900A7C96B /* PBXTargetDependency */,
				747C90322266EC2100A7C96B /* PBXTargetDependency */,
			);
			name = Sail;
			productName = Sailing;
			productReference = 74A2FC072237D2B2005CF54D /* Sail.app */;
			productType = "com.apple.product-type.application";
		};
/* End PBXNativeTarget section */

/* Begin PBXProject section */
		74A2FBFF2237D2B2005CF54D /* Project object */ = {
			isa = PBXProject;
			attributes = {
				LastSwiftUpdateCheck = 1010;
				LastUpgradeCheck = 1010;
				ORGANIZATIONNAME = "Gerardo Osio";
				TargetAttributes = {
					74A2FC062237D2B2005CF54D = {
						CreatedOnToolsVersion = 10.1;
					};
				};
			};
			buildConfigurationList = 74A2FC022237D2B2005CF54D /* Build configuration list for PBXProject "Sail" */;
			compatibilityVersion = "Xcode 9.3";
			developmentRegion = en;
			hasScannedForEncodings = 0;
			knownRegions = (
				en,
				Base,
			);
			mainGroup = 74A2FBFE2237D2B2005CF54D;
			productRefGroup = 74A2FC082237D2B2005CF54D /* Products */;
			projectDirPath = "";
			projectReferences = (
				{
					ProductGroup = 74E53F5E2264FAD000C875AA /* Products */;
					ProjectRef = 74E53F5D2264FAD000C875AA /* Antlr4.xcodeproj */;
				},
			);
			projectRoot = "";
			targets = (
				74A2FC062237D2B2005CF54D /* Sail */,
			);
		};
/* End PBXProject section */

/* Begin PBXReferenceProxy section */
		74E53F652264FAD000C875AA /* Antlr4.framework */ = {
			isa = PBXReferenceProxy;
			fileType = wrapper.framework;
			path = Antlr4.framework;
			remoteRef = 74E53F642264FAD000C875AA /* PBXContainerItemProxy */;
			sourceTree = BUILT_PRODUCTS_DIR;
		};
		74E53F672264FAD000C875AA /* Antlr4Tests.xctest */ = {
			isa = PBXReferenceProxy;
			fileType = file;
			path = Antlr4Tests.xctest;
			remoteRef = 74E53F662264FAD000C875AA /* PBXContainerItemProxy */;
			sourceTree = BUILT_PRODUCTS_DIR;
		};
/* End PBXReferenceProxy section */

/* Begin PBXResourcesBuildPhase section */
		74A2FC052237D2B2005CF54D /* Resources */ = {
			isa = PBXResourcesBuildPhase;
			buildActionMask = 2147483647;
			files = (
				74E53F782264FBE300C875AA /* Sail.tokens in Resources */,
				74E53F7D2264FBE300C875AA /* Sail.g4 in Resources */,
				74E53F752264FBE300C875AA /* Sail.interp in Resources */,
				74E53F792264FBE300C875AA /* SailLexer.tokens in Resources */,
				74E53F772264FBE300C875AA /* SailLexer.interp in Resources */,
				74A2FC152237D2B4005CF54D /* LaunchScreen.storyboard in Resources */,
				74A2FC122237D2B4005CF54D /* Assets.xcassets in Resources */,
				74A2FC102237D2B2005CF54D /* Main.storyboard in Resources */,
			);
			runOnlyForDeploymentPostprocessing = 0;
		};
/* End PBXResourcesBuildPhase section */

/* Begin PBXSourcesBuildPhase section */
		74A2FC032237D2B2005CF54D /* Sources */ = {
			isa = PBXSourcesBuildPhase;
			buildActionMask = 2147483647;
			files = (
				74A2FC0B2237D2B2005CF54D /* AppDelegate.swift in Sources */,
				74BDB0972266DCBA006F7D24 /* CompilerViewController.swift in Sources */,
				74E53F762264FBE300C875AA /* SailLexer.swift in Sources */,
				74E53F7A2264FBE300C875AA /* SailParserATN.swift in Sources */,
				74E53F7F2264FBE300C875AA /* SailListener.swift in Sources */,
				74E53F7E2264FBE300C875AA /* SailBaseListener.swift in Sources */,
				74E53F7B2264FBE300C875AA /* SailLexerATN.swift in Sources */,
				74E53F7C2264FBE300C875AA /* SailParser.swift in Sources */,
			);
			runOnlyForDeploymentPostprocessing = 0;
		};
/* End PBXSourcesBuildPhase section */

/* Begin PBXTargetDependency section */
		747C902C2266EBC900A7C96B /* PBXTargetDependency */ = {
			isa = PBXTargetDependency;
			name = Antlr4;
			targetProxy = 747C902B2266EBC900A7C96B /* PBXContainerItemProxy */;
		};
		747C90322266EC2100A7C96B /* PBXTargetDependency */ = {
			isa = PBXTargetDependency;
			name = Antlr4;
			targetProxy = 747C90312266EC2100A7C96B /* PBXContainerItemProxy */;
		};
/* End PBXTargetDependency section */

/* Begin PBXVariantGroup section */
		74A2FC0E2237D2B2005CF54D /* Main.storyboard */ = {
			isa = PBXVariantGroup;
			children = (
				74A2FC0F2237D2B2005CF54D /* Base */,
			);
			name = Main.storyboard;
			sourceTree = "<group>";
		};
		74A2FC132237D2B4005CF54D /* LaunchScreen.storyboard */ = {
			isa = PBXVariantGroup;
			children = (
				74A2FC142237D2B4005CF54D /* Base */,
			);
			name = LaunchScreen.storyboard;
			sourceTree = "<group>";
		};
/* End PBXVariantGroup section */

/* Begin XCBuildConfiguration section */
		74A2FC172237D2B4005CF54D /* Debug */ = {
			isa = XCBuildConfiguration;
			buildSettings = {
				ALWAYS_SEARCH_USER_PATHS = NO;
				CLANG_ANALYZER_NONNULL = YES;
				CLANG_ANALYZER_NUMBER_OBJECT_CONVERSION = YES_AGGRESSIVE;
				CLANG_CXX_LANGUAGE_STANDARD = "gnu++14";
				CLANG_CXX_LIBRARY = "libc++";
				CLANG_ENABLE_MODULES = YES;
				CLANG_ENABLE_OBJC_ARC = YES;
				CLANG_ENABLE_OBJC_WEAK = YES;
				CLANG_WARN_BLOCK_CAPTURE_AUTORELEASING = YES;
				CLANG_WARN_BOOL_CONVERSION = YES;
				CLANG_WARN_COMMA = YES;
				CLANG_WARN_CONSTANT_CONVERSION = YES;
				CLANG_WARN_DEPRECATED_OBJC_IMPLEMENTATIONS = YES;
				CLANG_WARN_DIRECT_OBJC_ISA_USAGE = YES_ERROR;
				CLANG_WARN_DOCUMENTATION_COMMENTS = YES;
				CLANG_WARN_EMPTY_BODY = YES;
				CLANG_WARN_ENUM_CONVERSION = YES;
				CLANG_WARN_INFINITE_RECURSION = YES;
				CLANG_WARN_INT_CONVERSION = YES;
				CLANG_WARN_NON_LITERAL_NULL_CONVERSION = YES;
				CLANG_WARN_OBJC_IMPLICIT_RETAIN_SELF = YES;
				CLANG_WARN_OBJC_LITERAL_CONVERSION = YES;
				CLANG_WARN_OBJC_ROOT_CLASS = YES_ERROR;
				CLANG_WARN_RANGE_LOOP_ANALYSIS = YES;
				CLANG_WARN_STRICT_PROTOTYPES = YES;
				CLANG_WARN_SUSPICIOUS_MOVE = YES;
				CLANG_WARN_UNGUARDED_AVAILABILITY = YES_AGGRESSIVE;
				CLANG_WARN_UNREACHABLE_CODE = YES;
				CLANG_WARN__DUPLICATE_METHOD_MATCH = YES;
				CODE_SIGN_IDENTITY = "iPhone Developer";
				COPY_PHASE_STRIP = NO;
				DEBUG_INFORMATION_FORMAT = dwarf;
				ENABLE_STRICT_OBJC_MSGSEND = YES;
				ENABLE_TESTABILITY = YES;
				GCC_C_LANGUAGE_STANDARD = gnu11;
				GCC_DYNAMIC_NO_PIC = NO;
				GCC_NO_COMMON_BLOCKS = YES;
				GCC_OPTIMIZATION_LEVEL = 0;
				GCC_PREPROCESSOR_DEFINITIONS = (
					"DEBUG=1",
					"$(inherited)",
				);
				GCC_WARN_64_TO_32_BIT_CONVERSION = YES;
				GCC_WARN_ABOUT_RETURN_TYPE = YES_ERROR;
				GCC_WARN_UNDECLARED_SELECTOR = YES;
				GCC_WARN_UNINITIALIZED_AUTOS = YES_AGGRESSIVE;
				GCC_WARN_UNUSED_FUNCTION = YES;
				GCC_WARN_UNUSED_VARIABLE = YES;
				IPHONEOS_DEPLOYMENT_TARGET = 12.1;
				MTL_ENABLE_DEBUG_INFO = INCLUDE_SOURCE;
				MTL_FAST_MATH = YES;
				ONLY_ACTIVE_ARCH = YES;
				SDKROOT = iphoneos;
				SWIFT_ACTIVE_COMPILATION_CONDITIONS = DEBUG;
				SWIFT_OPTIMIZATION_LEVEL = "-Onone";
			};
			name = Debug;
		};
		74A2FC182237D2B4005CF54D /* Release */ = {
			isa = XCBuildConfiguration;
			buildSettings = {
				ALWAYS_SEARCH_USER_PATHS = NO;
				CLANG_ANALYZER_NONNULL = YES;
				CLANG_ANALYZER_NUMBER_OBJECT_CONVERSION = YES_AGGRESSIVE;
				CLANG_CXX_LANGUAGE_STANDARD = "gnu++14";
				CLANG_CXX_LIBRARY = "libc++";
				CLANG_ENABLE_MODULES = YES;
				CLANG_ENABLE_OBJC_ARC = YES;
				CLANG_ENABLE_OBJC_WEAK = YES;
				CLANG_WARN_BLOCK_CAPTURE_AUTORELEASING = YES;
				CLANG_WARN_BOOL_CONVERSION = YES;
				CLANG_WARN_COMMA = YES;
				CLANG_WARN_CONSTANT_CONVERSION = YES;
				CLANG_WARN_DEPRECATED_OBJC_IMPLEMENTATIONS = YES;
				CLANG_WARN_DIRECT_OBJC_ISA_USAGE = YES_ERROR;
				CLANG_WARN_DOCUMENTATION_COMMENTS = YES;
				CLANG_WARN_EMPTY_BODY = YES;
				CLANG_WARN_ENUM_CONVERSION = YES;
				CLANG_WARN_INFINITE_RECURSION = YES;
				CLANG_WARN_INT_CONVERSION = YES;
				CLANG_WARN_NON_LITERAL_NULL_CONVERSION = YES;
				CLANG_WARN_OBJC_IMPLICIT_RETAIN_SELF = YES;
				CLANG_WARN_OBJC_LITERAL_CONVERSION = YES;
				CLANG_WARN_OBJC_ROOT_CLASS = YES_ERROR;
				CLANG_WARN_RANGE_LOOP_ANALYSIS = YES;
				CLANG_WARN_STRICT_PROTOTYPES = YES;
				CLANG_WARN_SUSPICIOUS_MOVE = YES;
				CLANG_WARN_UNGUARDED_AVAILABILITY = YES_AGGRESSIVE;
				CLANG_WARN_UNREACHABLE_CODE = YES;
				CLANG_WARN__DUPLICATE_METHOD_MATCH = YES;
				CODE_SIGN_IDENTITY = "iPhone Developer";
				COPY_PHASE_STRIP = NO;
				DEBUG_INFORMATION_FORMAT = "dwarf-with-dsym";
				ENABLE_NS_ASSERTIONS = NO;
				ENABLE_STRICT_OBJC_MSGSEND = YES;
				GCC_C_LANGUAGE_STANDARD = gnu11;
				GCC_NO_COMMON_BLOCKS = YES;
				GCC_WARN_64_TO_32_BIT_CONVERSION = YES;
				GCC_WARN_ABOUT_RETURN_TYPE = YES_ERROR;
				GCC_WARN_UNDECLARED_SELECTOR = YES;
				GCC_WARN_UNINITIALIZED_AUTOS = YES_AGGRESSIVE;
				GCC_WARN_UNUSED_FUNCTION = YES;
				GCC_WARN_UNUSED_VARIABLE = YES;
				IPHONEOS_DEPLOYMENT_TARGET = 12.1;
				MTL_ENABLE_DEBUG_INFO = NO;
				MTL_FAST_MATH = YES;
				SDKROOT = iphoneos;
				SWIFT_COMPILATION_MODE = wholemodule;
				SWIFT_OPTIMIZATION_LEVEL = "-O";
				VALIDATE_PRODUCT = YES;
			};
			name = Release;
		};
		74A2FC1A2237D2B4005CF54D /* Debug */ = {
			isa = XCBuildConfiguration;
			buildSettings = {
				ALWAYS_EMBED_SWIFT_STANDARD_LIBRARIES = YES;
				ASSETCATALOG_COMPILER_APPICON_NAME = AppIcon;
				CODE_SIGN_STYLE = Automatic;
				DEVELOPMENT_TEAM = BAMJW4XM3J;
				INFOPLIST_FILE = "$(SRCROOT)/Sail/Info.plist";
				IPHONEOS_DEPLOYMENT_TARGET = 12.2;
				LD_RUNPATH_SEARCH_PATHS = (
					"$(inherited)",
					"@executable_path/Frameworks",
				);
				PRODUCT_BUNDLE_IDENTIFIER = com.geraosio.Sail;
				PRODUCT_NAME = "$(TARGET_NAME)";
				SWIFT_VERSION = 4.2;
				TARGETED_DEVICE_FAMILY = "1,2";
			};
			name = Debug;
		};
		74A2FC1B2237D2B4005CF54D /* Release */ = {
			isa = XCBuildConfiguration;
			buildSettings = {
				ALWAYS_EMBED_SWIFT_STANDARD_LIBRARIES = YES;
				ASSETCATALOG_COMPILER_APPICON_NAME = AppIcon;
				CODE_SIGN_STYLE = Automatic;
				DEVELOPMENT_TEAM = BAMJW4XM3J;
				INFOPLIST_FILE = "$(SRCROOT)/Sail/Info.plist";
				IPHONEOS_DEPLOYMENT_TARGET = 12.2;
				LD_RUNPATH_SEARCH_PATHS = (
					"$(inherited)",
					"@executable_path/Frameworks",
				);
				PRODUCT_BUNDLE_IDENTIFIER = com.geraosio.Sail;
				PRODUCT_NAME = "$(TARGET_NAME)";
				SWIFT_VERSION = 4.2;
				TARGETED_DEVICE_FAMILY = "1,2";
			};
			name = Release;
		};
/* End XCBuildConfiguration section */

/* Begin XCConfigurationList section */
		74A2FC022237D2B2005CF54D /* Build configuration list for PBXProject "Sail" */ = {
			isa = XCConfigurationList;
			buildConfigurations = (
				74A2FC172237D2B4005CF54D /* Debug */,
				74A2FC182237D2B4005CF54D /* Release */,
			);
			defaultConfigurationIsVisible = 0;
			defaultConfigurationName = Release;
		};
		74A2FC192237D2B4005CF54D /* Build configuration list for PBXNativeTarget "Sail" */ = {
			isa = XCConfigurationList;
			buildConfigurations = (
				74A2FC1A2237D2B4005CF54D /* Debug */,
				74A2FC1B2237D2B4005CF54D /* Release */,
			);
			defaultConfigurationIsVisible = 0;
			defaultConfigurationName = Release;
		};
/* End XCConfigurationList section */
	};
	rootObject = 74A2FBFF2237D2B2005CF54D /* Project object */;
}
